
Microsoft Visual Studio Solution File, Format Version 12.00
# Visual Studio Version 16
VisualStudioVersion = 16.0.30104.148
MinimumVisualStudioVersion = 10.0.40219.1
Project("{FAE04EC0-301F-11D3-BF4B-00C04F79EFBC}") = "SingleFileWebApp", "SingleFileWebApp\SingleFileWebApp.csproj", "{3B0DB0E8-6C91-4966-884F-621CCD25871C}"
EndProject
Global
	GlobalSection(SolutionConfigurationPlatforms) = preSolution
		Debug|Any CPU = Debug|Any CPU
		Release|Any CPU = Release|Any CPU
	EndGlobalSection
	GlobalSection(ProjectConfigurationPlatforms) = postSolution
		{3B0DB0E8-6C91-4966-884F-621CCD25871C}.Debug|Any CPU.ActiveCfg = Debug|Any CPU
		{3B0DB0E8-6C91-4966-884F-621CCD25871C}.Debug|Any CPU.Build.0 = Debug|Any CPU
		{3B0DB0E8-6C91-4966-884F-621CCD25871C}.Release|Any CPU.ActiveCfg = Release|Any CPU
		{3B0DB0E8-6C91-4966-884F-621CCD25871C}.Release|Any CPU.Build.0 = Release|Any CPU
	EndGlobalSection
	GlobalSection(SolutionProperties) = preSolution
		HideSolutionNode = FALSE
	EndGlobalSection
	GlobalSection(ExtensibilityGlobals) = postSolution
		SolutionGuid = {DEAC4A79-AD3F-4FBB-BF99-DB94766BC591}
	EndGlobalSection
EndGlobal
